
Microsoft Visual Studio Solution File, Format Version 12.00
# Visual Studio Version 17
VisualStudioVersion = 17.0.31903.59
MinimumVisualStudioVersion = 10.0.40219.1
Project("{2150E333-8FDC-42A3-9474-1A3956D46DE8}") = "src", "src", "{17309C4D-086C-4B64-923F-820FAF236183}"
EndProject
Project("{FAE04EC0-301F-11D3-BF4B-00C04F79EFBC}") = "SquadDns.Core", "src\SquadDns.Core\SquadDns.Core.csproj", "{9CF1CFF7-2EA7-45E4-9B8D-95B7F2F6CC51}"
EndProject
Project("{FAE04EC0-301F-11D3-BF4B-00C04F79EFBC}") = "SquadDns", "src\SquadDns\SquadDns.csproj", "{40421ACD-8B41-4B62-BF04-125388F214F1}"
EndProject
Project("{2150E333-8FDC-42A3-9474-1A3956D46DE8}") = "tests", "tests", "{BEA850C1-4A22-4F59-8AAD-23C7D4C7CAF3}"
EndProject
Project("{FAE04EC0-301F-11D3-BF4B-00C04F79EFBC}") = "SquadDns.Core.Tests", "tests\SquadDns.Core.Tests\SquadDns.Core.Tests.csproj", "{96B8FB06-1E6F-4569-9845-0FE17DFED959}"
EndProject
Global
	GlobalSection(SolutionConfigurationPlatforms) = preSolution
		Debug|Any CPU = Debug|Any CPU
		Release|Any CPU = Release|Any CPU
	EndGlobalSection
	GlobalSection(SolutionProperties) = preSolution
		HideSolutionNode = FALSE
	EndGlobalSection
	GlobalSection(ProjectConfigurationPlatforms) = postSolution
		{9CF1CFF7-2EA7-45E4-9B8D-95B7F2F6CC51}.Debug|Any CPU.ActiveCfg = Debug|Any CPU
		{9CF1CFF7-2EA7-45E4-9B8D-95B7F2F6CC51}.Debug|Any CPU.Build.0 = Debug|Any CPU
		{9CF1CFF7-2EA7-45E4-9B8D-95B7F2F6CC51}.Release|Any CPU.ActiveCfg = Release|Any CPU
		{9CF1CFF7-2EA7-45E4-9B8D-95B7F2F6CC51}.Release|Any CPU.Build.0 = Release|Any CPU
		{40421ACD-8B41-4B62-BF04-125388F214F1}.Debug|Any CPU.ActiveCfg = Debug|Any CPU
		{40421ACD-8B41-4B62-BF04-125388F214F1}.Debug|Any CPU.Build.0 = Debug|Any CPU
		{40421ACD-8B41-4B62-BF04-125388F214F1}.Release|Any CPU.ActiveCfg = Release|Any CPU
		{40421ACD-8B41-4B62-BF04-125388F214F1}.Release|Any CPU.Build.0 = Release|Any CPU
		{96B8FB06-1E6F-4569-9845-0FE17DFED959}.Debug|Any CPU.ActiveCfg = Debug|Any CPU
		{96B8FB06-1E6F-4569-9845-0FE17DFED959}.Debug|Any CPU.Build.0 = Debug|Any CPU
		{96B8FB06-1E6F-4569-9845-0FE17DFED959}.Release|Any CPU.ActiveCfg = Release|Any CPU
		{96B8FB06-1E6F-4569-9845-0FE17DFED959}.Release|Any CPU.Build.0 = Release|Any CPU
	EndGlobalSection
	GlobalSection(NestedProjects) = preSolution
		{9CF1CFF7-2EA7-45E4-9B8D-95B7F2F6CC51} = {17309C4D-086C-4B64-923F-820FAF236183}
		{40421ACD-8B41-4B62-BF04-125388F214F1} = {17309C4D-086C-4B64-923F-820FAF236183}
		{96B8FB06-1E6F-4569-9845-0FE17DFED959} = {BEA850C1-4A22-4F59-8AAD-23C7D4C7CAF3}
	EndGlobalSection
EndGlobal
